
Microsoft Visual Studio Solution File, Format Version 12.00
Project("{FAE04EC0-301F-11D3-BF4B-00C04F79EFBC}") = "zadanie2", "zadanie2\zadanie2.csproj", "{316D1AA8-9B7B-4E14-97E1-22D28AACD8A7}"
EndProject
Global
	GlobalSection(SolutionConfigurationPlatforms) = preSolution
		Debug|Any CPU = Debug|Any CPU
		Release|Any CPU = Release|Any CPU
	EndGlobalSection
	GlobalSection(ProjectConfigurationPlatforms) = postSolution
		{316D1AA8-9B7B-4E14-97E1-22D28AACD8A7}.Debug|Any CPU.ActiveCfg = Debug|Any CPU
		{316D1AA8-9B7B-4E14-97E1-22D28AACD8A7}.Debug|Any CPU.Build.0 = Debug|Any CPU
		{316D1AA8-9B7B-4E14-97E1-22D28AACD8A7}.Release|Any CPU.ActiveCfg = Release|Any CPU
		{316D1AA8-9B7B-4E14-97E1-22D28AACD8A7}.Release|Any CPU.Build.0 = Release|Any CPU
	EndGlobalSection
EndGlobal
